
Microsoft Visual Studio Solution File, Format Version 12.00
# Visual Studio Version 16
VisualStudioVersion = 16.0.29806.167
MinimumVisualStudioVersion = 10.0.40219.1
Project("{FAE04EC0-301F-11D3-BF4B-00C04F79EFBC}") = "Week_3_ASP", "Week_3_ASP\Week_3_ASP.csproj", "{40F56B31-53D4-44DE-8380-74387EBA176C}"
EndProject
Global
	GlobalSection(SolutionConfigurationPlatforms) = preSolution
		Debug|Any CPU = Debug|Any CPU
		Release|Any CPU = Release|Any CPU
	EndGlobalSection
	GlobalSection(ProjectConfigurationPlatforms) = postSolution
		{40F56B31-53D4-44DE-8380-74387EBA176C}.Debug|Any CPU.ActiveCfg = Debug|Any CPU
		{40F56B31-53D4-44DE-8380-74387EBA176C}.Debug|Any CPU.Build.0 = Debug|Any CPU
		{40F56B31-53D4-44DE-8380-74387EBA176C}.Release|Any CPU.ActiveCfg = Release|Any CPU
		{40F56B31-53D4-44DE-8380-74387EBA176C}.Release|Any CPU.Build.0 = Release|Any CPU
	EndGlobalSection
	GlobalSection(SolutionProperties) = preSolution
		HideSolutionNode = FALSE
	EndGlobalSection
	GlobalSection(ExtensibilityGlobals) = postSolution
		SolutionGuid = {C7B64945-86FD-4036-A7BD-07FDCC86E366}
	EndGlobalSection
EndGlobal
